
Microsoft Visual Studio Solution File, Format Version 12.00
# Visual Studio Version 17
VisualStudioVersion = 17.8.34316.72
MinimumVisualStudioVersion = 10.0.40219.1
Project("{FAE04EC0-301F-11D3-BF4B-00C04F79EFBC}") = "ConsoleApp8", "ConsoleApp8\ConsoleApp8.csproj", "{46A37473-33C7-4BFD-B690-2A1941B2C957}"
EndProject
Global
	GlobalSection(SolutionConfigurationPlatforms) = preSolution
		Debug|Any CPU = Debug|Any CPU
		Release|Any CPU = Release|Any CPU
	EndGlobalSection
	GlobalSection(ProjectConfigurationPlatforms) = postSolution
		{46A37473-33C7-4BFD-B690-2A1941B2C957}.Debug|Any CPU.ActiveCfg = Debug|Any CPU
		{46A37473-33C7-4BFD-B690-2A1941B2C957}.Debug|Any CPU.Build.0 = Debug|Any CPU
		{46A37473-33C7-4BFD-B690-2A1941B2C957}.Release|Any CPU.ActiveCfg = Release|Any CPU
		{46A37473-33C7-4BFD-B690-2A1941B2C957}.Release|Any CPU.Build.0 = Release|Any CPU
	EndGlobalSection
	GlobalSection(SolutionProperties) = preSolution
		HideSolutionNode = FALSE
	EndGlobalSection
	GlobalSection(ExtensibilityGlobals) = postSolution
		SolutionGuid = {FDDDAE45-7A43-4168-9562-CA0A6A6FB970}
	EndGlobalSection
EndGlobal
